// !$*UTF8*$!
{
	archiveVersion = 1;
	classes = {
	};
	objectVersion = 46;
	objects = {

/* Begin PBXBuildFile section */
		0271B6481DEF2ECA0030E67D /* LapTime.m in Sources */ = {isa = PBXBuildFile; fileRef = 0271B6471DEF2ECA0030E67D /* LapTime.m */; };
		02BD93441DDA040100E49D90 /* main.m in Sources */ = {isa = PBXBuildFile; fileRef = 02BD93431DDA040100E49D90 /* main.m */; };
		02BD93471DDA040100E49D90 /* AppDelegate.m in Sources */ = {isa = PBXBuildFile; fileRef = 02BD93461DDA040100E49D90 /* AppDelegate.m */; };
		02BD934A1DDA040100E49D90 /* TimerViewController.m in Sources */ = {isa = PBXBuildFile; fileRef = 02BD93491DDA040100E49D90 /* TimerViewController.m */; };
		02BD934D1DDA040100E49D90 /* Main.storyboard in Resources */ = {isa = PBXBuildFile; fileRef = 02BD934B1DDA040100E49D90 /* Main.storyboard */; };
		02BD934F1DDA040100E49D90 /* Assets.xcassets in Resources */ = {isa = PBXBuildFile; fileRef = 02BD934E1DDA040100E49D90 /* Assets.xcassets */; };
		02BD93521DDA040100E49D90 /* LaunchScreen.storyboard in Resources */ = {isa = PBXBuildFile; fileRef = 02BD93501DDA040100E49D90 /* LaunchScreen.storyboard */; };
		02BD935B1DDA1F3700E49D90 /* SetTimerViewController.m in Sources */ = {isa = PBXBuildFile; fileRef = 02BD935A1DDA1F3700E49D90 /* SetTimerViewController.m */; };
/* End PBXBuildFile section */

/* Begin PBXFileReference section */
		0271B6461DEF2ECA0030E67D /* LapTime.h */ = {isa = PBXFileReference; fileEncoding = 4; lastKnownFileType = sourcecode.c.h; path = LapTime.h; sourceTree = "<group>"; };
		0271B6471DEF2ECA0030E67D /* LapTime.m */ = {isa = PBXFileReference; fileEncoding = 4; lastKnownFileType = sourcecode.c.objc; path = LapTime.m; sourceTree = "<group>"; };
		02BD933F1DDA040100E49D90 /* Timer.app */ = {isa = PBXFileReference; explicitFileType = wrapper.application; includeInIndex = 0; path = Timer.app; sourceTree = BUILT_PRODUCTS_DIR; };
		02BD93431DDA040100E49D90 /* main.m */ = {isa = PBXFileReference; lastKnownFileType = sourcecode.c.objc; path = main.m; sourceTree = "<group>"; };
		02BD93451DDA040100E49D90 /* AppDelegate.h */ = {isa = PBXFileReference; lastKnownFileType = sourcecode.c.h; path = AppDelegate.h; sourceTree = "<group>"; };
		02BD93461DDA040100E49D90 /* AppDelegate.m */ = {isa = PBXFileReference; lastKnownFileType = sourcecode.c.objc; path = AppDelegate.m; sourceTree = "<group>"; };
		02BD93481DDA040100E49D90 /* TimerViewController.h */ = {isa = PBXFileReference; lastKnownFileType = sourcecode.c.h; path = TimerViewController.h; sourceTree = "<group>"; };
		02BD93491DDA040100E49D90 /* TimerViewController.m */ = {isa = PBXFileReference; lastKnownFileType = sourcecode.c.objc; path = TimerViewController.m; sourceTree = "<group>"; };
		02BD934C1DDA040100E49D90 /* Base */ = {isa = PBXFileReference; lastKnownFileType = file.storyboard; name = Base; path = Base.lproj/Main.storyboard; sourceTree = "<group>"; };
		02BD934E1DDA040100E49D90 /* Assets.xcassets */ = {isa = PBXFileReference; lastKnownFileType = folder.assetcatalog; path = Assets.xcassets; sourceTree = "<group>"; };
		02BD93511DDA040100E49D90 /* Base */ = {isa = PBXFileReference; lastKnownFileType = file.storyboard; name = Base; path = Base.lproj/LaunchScreen.storyboard; sourceTree = "<group>"; };
		02BD93531DDA040100E49D90 /* Info.plist */ = {isa = PBXFileReference; lastKnownFileType = text.plist.xml; path = Info.plist; sourceTree = "<group>"; };
		02BD93591DDA1F3700E49D90 /* SetTimerViewController.h */ = {isa = PBXFileReference; fileEncoding = 4; lastKnownFileType = sourcecode.c.h; path = SetTimerViewController.h; sourceTree = "<group>"; };
		02BD935A1DDA1F3700E49D90 /* SetTimerViewController.m */ = {isa = PBXFileReference; fileEncoding = 4; lastKnownFileType = sourcecode.c.objc; path = SetTimerViewController.m; sourceTree = "<group>"; };
/* End PBXFileReference section */

/* Begin PBXFrameworksBuildPhase section */
		02BD933C1DDA040100E49D90 /* Frameworks */ = {
			isa = PBXFrameworksBuildPhase;
			buildActionMask = 2147483647;
			files = (
			);
			runOnlyForDeploymentPostprocessing = 0;
		};
/* End PBXFrameworksBuildPhase section */

/* Begin PBXGroup section */
		02BD93361DDA040100E49D90 = {
			isa = PBXGroup;
			children = (
				02BD93411DDA040100E49D90 /* Timer */,
				02BD93401DDA040100E49D90 /* Products */,
			);
			sourceTree = "<group>";
		};
		02BD93401DDA040100E49D90 /* Products */ = {
			isa = PBXGroup;
			children = (
				02BD933F1DDA040100E49D90 /* Timer.app */,
			);
			name = Products;
			sourceTree = "<group>";
		};
		02BD93411DDA040100E49D90 /* Timer */ = {
			isa = PBXGroup;
			children = (
				02BD93451DDA040100E49D90 /* AppDelegate.h */,
				02BD93461DDA040100E49D90 /* AppDelegate.m */,
				02BD93481DDA040100E49D90 /* TimerViewController.h */,
				02BD93491DDA040100E49D90 /* TimerViewController.m */,
				02BD934B1DDA040100E49D90 /* Main.storyboard */,
				0271B6461DEF2ECA0030E67D /* LapTime.h */,
				0271B6471DEF2ECA0030E67D /* LapTime.m */,
				02BD93591DDA1F3700E49D90 /* SetTimerViewController.h */,
				02BD935A1DDA1F3700E49D90 /* SetTimerViewController.m */,
				02BD934E1DDA040100E49D90 /* Assets.xcassets */,
				02BD93501DDA040100E49D90 /* LaunchScreen.storyboard */,
				02BD93531DDA040100E49D90 /* Info.plist */,
				02BD93421DDA040100E49D90 /* Supporting Files */,
			);
			path = Timer;
			sourceTree = "<group>";
		};
		02BD93421DDA040100E49D90 /* Supporting Files */ = {
			isa = PBXGroup;
			children = (
				02BD93431DDA040100E49D90 /* main.m */,
			);
			name = "Supporting Files";
			sourceTree = "<group>";
		};
/* End PBXGroup section */

/* Begin PBXNativeTarget section */
		02BD933E1DDA040100E49D90 /* Timer */ = {
			isa = PBXNativeTarget;
			buildConfigurationList = 02BD93561DDA040100E49D90 /* Build configuration list for PBXNativeTarget "Timer" */;
			buildPhases = (
				02BD933B1DDA040100E49D90 /* Sources */,
				02BD933C1DDA040100E49D90 /* Frameworks */,
				02BD933D1DDA040100E49D90 /* Resources */,
			);
			buildRules = (
			);
			dependencies = (
			);
			name = Timer;
			productName = Timer;
			productReference = 02BD933F1DDA040100E49D90 /* Timer.app */;
			productType = "com.apple.product-type.application";
		};
/* End PBXNativeTarget section */

/* Begin PBXProject section */
		02BD93371DDA040100E49D90 /* Project object */ = {
			isa = PBXProject;
			attributes = {
				LastUpgradeCheck = 0810;
				ORGANIZATIONNAME = "THE IRON YARD";
				TargetAttributes = {
					02BD933E1DDA040100E49D90 = {
						CreatedOnToolsVersion = 8.1;
						ProvisioningStyle = Automatic;
					};
				};
			};
			buildConfigurationList = 02BD933A1DDA040100E49D90 /* Build configuration list for PBXProject "Timer" */;
			compatibilityVersion = "Xcode 3.2";
			developmentRegion = English;
			hasScannedForEncodings = 0;
			knownRegions = (
				en,
				Base,
			);
			mainGroup = 02BD93361DDA040100E49D90;
			productRefGroup = 02BD93401DDA040100E49D90 /* Products */;
			projectDirPath = "";
			projectRoot = "";
			targets = (
				02BD933E1DDA040100E49D90 /* Timer */,
			);
		};
/* End PBXProject section */

/* Begin PBXResourcesBuildPhase section */
		02BD933D1DDA040100E49D90 /* Resources */ = {
			isa = PBXResourcesBuildPhase;
			buildActionMask = 2147483647;
			files = (
				02BD93521DDA040100E49D90 /* LaunchScreen.storyboard in Resources */,
				02BD934F1DDA040100E49D90 /* Assets.xcassets in Resources */,
				02BD934D1DDA040100E49D90 /* Main.storyboard in Resources */,
			);
			runOnlyForDeploymentPostprocessing = 0;
		};
/* End PBXResourcesBuildPhase section */

/* Begin PBXSourcesBuildPhase section */
		02BD933B1DDA040100E49D90 /* Sources */ = {
			isa = PBXSourcesBuildPhase;
			buildActionMask = 2147483647;
			files = (
				02BD934A1DDA040100E49D90 /* TimerViewController.m in Sources */,
				02BD93471DDA040100E49D90 /* AppDelegate.m in Sources */,
				02BD93441DDA040100E49D90 /* main.m in Sources */,
				0271B6481DEF2ECA0030E67D /* LapTime.m in Sources */,
				02BD935B1DDA1F3700E49D90 /* SetTimerViewController.m in Sources */,
			);
			runOnlyForDeploymentPostprocessing = 0;
		};
/* End PBXSourcesBuildPhase section */

/* Begin PBXVariantGroup section */
		02BD934B1DDA040100E49D90 /* Main.storyboard */ = {
			isa = PBXVariantGroup;
			children = (
				02BD934C1DDA040100E49D90 /* Base */,
			);
			name = Main.storyboard;
			sourceTree = "<group>";
		};
		02BD93501DDA040100E49D90 /* LaunchScreen.storyboard */ = {
			isa = PBXVariantGroup;
			children = (
				02BD93511DDA040100E49D90 /* Base */,
			);
			name = LaunchScreen.storyboard;
			sourceTree = "<group>";
		};
/* End PBXVariantGroup section */

/* Begin XCBuildConfiguration section */
		02BD93541DDA040100E49D90 /* Debug */ = {
			isa = XCBuildConfiguration;
			buildSettings = {
				ALWAYS_SEARCH_USER_PATHS = NO;
				CLANG_ANALYZER_NONNULL = YES;
				CLANG_CXX_LANGUAGE_STANDARD = "gnu++0x";
				CLANG_CXX_LIBRARY = "libc++";
				CLANG_ENABLE_MODULES = YES;
				CLANG_ENABLE_OBJC_ARC = YES;
				CLANG_WARN_BOOL_CONVERSION = YES;
				CLANG_WARN_CONSTANT_CONVERSION = YES;
				CLANG_WARN_DIRECT_OBJC_ISA_USAGE = YES_ERROR;
				CLANG_WARN_DOCUMENTATION_COMMENTS = YES;
				CLANG_WARN_EMPTY_BODY = YES;
				CLANG_WARN_ENUM_CONVERSION = YES;
				CLANG_WARN_INFINITE_RECURSION = YES;
				CLANG_WARN_INT_CONVERSION = YES;
				CLANG_WARN_OBJC_ROOT_CLASS = YES_ERROR;
				CLANG_WARN_SUSPICIOUS_MOVES = YES;
				CLANG_WARN_UNREACHABLE_CODE = YES;
				CLANG_WARN__DUPLICATE_METHOD_MATCH = YES;
				"CODE_SIGN_IDENTITY[sdk=iphoneos*]" = "iPhone Developer";
				COPY_PHASE_STRIP = NO;
				DEBUG_INFORMATION_FORMAT = dwarf;
				ENABLE_STRICT_OBJC_MSGSEND = YES;
				ENABLE_TESTABILITY = YES;
				GCC_C_LANGUAGE_STANDARD = gnu99;
				GCC_DYNAMIC_NO_PIC = NO;
				GCC_NO_COMMON_BLOCKS = YES;
				GCC_OPTIMIZATION_LEVEL = 0;
				GCC_PREPROCESSOR_DEFINITIONS = (
					"DEBUG=1",
					"$(inherited)",
				);
				GCC_WARN_64_TO_32_BIT_CONVERSION = YES;
				GCC_WARN_ABOUT_RETURN_TYPE = YES_ERROR;
				GCC_WARN_UNDECLARED_SELECTOR = YES;
				GCC_WARN_UNINITIALIZED_AUTOS = YES_AGGRESSIVE;
				GCC_WARN_UNUSED_FUNCTION = YES;
				GCC_WARN_UNUSED_VARIABLE = YES;
				IPHONEOS_DEPLOYMENT_TARGET = 10.1;
				MTL_ENABLE_DEBUG_INFO = YES;
				ONLY_ACTIVE_ARCH = YES;
				SDKROOT = iphoneos;
			};
			name = Debug;
		};
		02BD93551DDA040100E49D90 /* Release */ = {
			isa = XCBuildConfiguration;
			buildSettings = {
				ALWAYS_SEARCH_USER_PATHS = NO;
				CLANG_ANALYZER_NONNULL = YES;
				CLANG_CXX_LANGUAGE_STANDARD = "gnu++0x";
				CLANG_CXX_LIBRARY = "libc++";
				CLANG_ENABLE_MODULES = YES;
				CLANG_ENABLE_OBJC_ARC = YES;
				CLANG_WARN_BOOL_CONVERSION = YES;
				CLANG_WARN_CONSTANT_CONVERSION = YES;
				CLANG_WARN_DIRECT_OBJC_ISA_USAGE = YES_ERROR;
				CLANG_WARN_DOCUMENTATION_COMMENTS = YES;
				CLANG_WARN_EMPTY_BODY = YES;
				CLANG_WARN_ENUM_CONVERSION = YES;
				CLANG_WARN_INFINITE_RECURSION = YES;
				CLANG_WARN_INT_CONVERSION = YES;
				CLANG_WARN_OBJC_ROOT_CLASS = YES_ERROR;
				CLANG_WARN_SUSPICIOUS_MOVES = YES;
				CLANG_WARN_UNREACHABLE_CODE = YES;
				CLANG_WARN__DUPLICATE_METHOD_MATCH = YES;
				"CODE_SIGN_IDENTITY[sdk=iphoneos*]" = "iPhone Developer";
				COPY_PHASE_STRIP = NO;
				DEBUG_INFORMATION_FORMAT = "dwarf-with-dsym";
				ENABLE_NS_ASSERTIONS = NO;
				ENABLE_STRICT_OBJC_MSGSEND = YES;
				GCC_C_LANGUAGE_STANDARD = gnu99;
				GCC_NO_COMMON_BLOCKS = YES;
				GCC_WARN_64_TO_32_BIT_CONVERSION = YES;
				GCC_WARN_ABOUT_RETURN_TYPE = YES_ERROR;
				GCC_WARN_UNDECLARED_SELECTOR = YES;
				GCC_WARN_UNINITIALIZED_AUTOS = YES_AGGRESSIVE;
				GCC_WARN_UNUSED_FUNCTION = YES;
				GCC_WARN_UNUSED_VARIABLE = YES;
				IPHONEOS_DEPLOYMENT_TARGET = 10.1;
				MTL_ENABLE_DEBUG_INFO = NO;
				SDKROOT = iphoneos;
				VALIDATE_PRODUCT = YES;
			};
			name = Release;
		};
		02BD93571DDA040100E49D90 /* Debug */ = {
			isa = XCBuildConfiguration;
			buildSettings = {
				ASSETCATALOG_COMPILER_APPICON_NAME = AppIcon;
				INFOPLIST_FILE = Timer/Info.plist;
				LD_RUNPATH_SEARCH_PATHS = "$(inherited) @executable_path/Frameworks";
				PRODUCT_BUNDLE_IDENTIFIER = COM.TIY.Timer;
				PRODUCT_NAME = "$(TARGET_NAME)";
			};
			name = Debug;
		};
		02BD93581DDA040100E49D90 /* Release */ = {
			isa = XCBuildConfiguration;
			buildSettings = {
				ASSETCATALOG_COMPILER_APPICON_NAME = AppIcon;
				INFOPLIST_FILE = Timer/Info.plist;
				LD_RUNPATH_SEARCH_PATHS = "$(inherited) @executable_path/Frameworks";
				PRODUCT_BUNDLE_IDENTIFIER = COM.TIY.Timer;
				PRODUCT_NAME = "$(TARGET_NAME)";
			};
			name = Release;
		};
/* End XCBuildConfiguration section */

/* Begin XCConfigurationList section */
		02BD933A1DDA040100E49D90 /* Build configuration list for PBXProject "Timer" */ = {
			isa = XCConfigurationList;
			buildConfigurations = (
				02BD93541DDA040100E49D90 /* Debug */,
				02BD93551DDA040100E49D90 /* Release */,
			);
			defaultConfigurationIsVisible = 0;
			defaultConfigurationName = Release;
		};
		02BD93561DDA040100E49D90 /* Build configuration list for PBXNativeTarget "Timer" */ = {
			isa = XCConfigurationList;
			buildConfigurations = (
				02BD93571DDA040100E49D90 /* Debug */,
				02BD93581DDA040100E49D90 /* Release */,
			);
			defaultConfigurationIsVisible = 0;
			defaultConfigurationName = Release;
		};
/* End XCConfigurationList section */
	};
	rootObject = 02BD93371DDA040100E49D90 /* Project object */;
}
